
Microsoft Visual Studio Solution File, Format Version 12.00
# Visual Studio Version 16
VisualStudioVersion = 16.0.29728.190
MinimumVisualStudioVersion = 10.0.40219.1
Project("{FAE04EC0-301F-11D3-BF4B-00C04F79EFBC}") = "ConfigurationCommandLineDemo", "ConfigurationCommandLineDemo.csproj", "{244A5811-4B94-4624-B2D5-EF840BC2F199}"
EndProject
Global
	GlobalSection(SolutionConfigurationPlatforms) = preSolution
		Debug|Any CPU = Debug|Any CPU
		Release|Any CPU = Release|Any CPU
	EndGlobalSection
	GlobalSection(ProjectConfigurationPlatforms) = postSolution
		{244A5811-4B94-4624-B2D5-EF840BC2F199}.Debug|Any CPU.ActiveCfg = Debug|Any CPU
		{244A5811-4B94-4624-B2D5-EF840BC2F199}.Debug|Any CPU.Build.0 = Debug|Any CPU
		{244A5811-4B94-4624-B2D5-EF840BC2F199}.Release|Any CPU.ActiveCfg = Release|Any CPU
		{244A5811-4B94-4624-B2D5-EF840BC2F199}.Release|Any CPU.Build.0 = Release|Any CPU
	EndGlobalSection
	GlobalSection(SolutionProperties) = preSolution
		HideSolutionNode = FALSE
	EndGlobalSection
	GlobalSection(ExtensibilityGlobals) = postSolution
		SolutionGuid = {1E87D4B9-AFE3-44A5-8730-8ED026645457}
	EndGlobalSection
EndGlobal
