
Microsoft Visual Studio Solution File, Format Version 12.00
# Visual Studio Version 16
VisualStudioVersion = 16.0.29728.190
MinimumVisualStudioVersion = 10.0.40219.1
Project("{FAE04EC0-301F-11D3-BF4B-00C04F79EFBC}") = "ExceptionDemo", "ExceptionDemo.csproj", "{F34C536D-3B17-4BB7-A0E0-B1F9BC4FBFD4}"
EndProject
Global
	GlobalSection(SolutionConfigurationPlatforms) = preSolution
		Debug|Any CPU = Debug|Any CPU
		Release|Any CPU = Release|Any CPU
	EndGlobalSection
	GlobalSection(ProjectConfigurationPlatforms) = postSolution
		{F34C536D-3B17-4BB7-A0E0-B1F9BC4FBFD4}.Debug|Any CPU.ActiveCfg = Debug|Any CPU
		{F34C536D-3B17-4BB7-A0E0-B1F9BC4FBFD4}.Debug|Any CPU.Build.0 = Debug|Any CPU
		{F34C536D-3B17-4BB7-A0E0-B1F9BC4FBFD4}.Release|Any CPU.ActiveCfg = Release|Any CPU
		{F34C536D-3B17-4BB7-A0E0-B1F9BC4FBFD4}.Release|Any CPU.Build.0 = Release|Any CPU
	EndGlobalSection
	GlobalSection(SolutionProperties) = preSolution
		HideSolutionNode = FALSE
	EndGlobalSection
	GlobalSection(ExtensibilityGlobals) = postSolution
		SolutionGuid = {3EA33F80-3B45-46F5-AE36-3FD01C911A13}
	EndGlobalSection
EndGlobal
